
Microsoft Visual Studio Solution File, Format Version 12.00
# Visual Studio 15
VisualStudioVersion = 15.0.26730.12
MinimumVisualStudioVersion = 10.0.40219.1
Project("{FAE04EC0-301F-11D3-BF4B-00C04F79EFBC}") = "Confeccionar", "Confeccionar\Confeccionar.csproj", "{7A2D464B-7FCB-42EF-B85F-BAE4DD94B56B}"
EndProject
Project("{54435603-DBB4-11D2-8724-00A0C9A8B90C}") = "confecciones", "confecciones\confecciones.vdproj", "{88E8EEC9-79A6-4533-B344-0272786AC4D7}"
EndProject
Global
	GlobalSection(SolutionConfigurationPlatforms) = preSolution
		Debug|Any CPU = Debug|Any CPU
		Release|Any CPU = Release|Any CPU
	EndGlobalSection
	GlobalSection(ProjectConfigurationPlatforms) = postSolution
		{7A2D464B-7FCB-42EF-B85F-BAE4DD94B56B}.Debug|Any CPU.ActiveCfg = Debug|Any CPU
		{7A2D464B-7FCB-42EF-B85F-BAE4DD94B56B}.Debug|Any CPU.Build.0 = Debug|Any CPU
		{7A2D464B-7FCB-42EF-B85F-BAE4DD94B56B}.Release|Any CPU.ActiveCfg = Release|Any CPU
		{7A2D464B-7FCB-42EF-B85F-BAE4DD94B56B}.Release|Any CPU.Build.0 = Release|Any CPU
		{88E8EEC9-79A6-4533-B344-0272786AC4D7}.Debug|Any CPU.ActiveCfg = Debug
		{88E8EEC9-79A6-4533-B344-0272786AC4D7}.Release|Any CPU.ActiveCfg = Release
	EndGlobalSection
	GlobalSection(SolutionProperties) = preSolution
		HideSolutionNode = FALSE
	EndGlobalSection
	GlobalSection(ExtensibilityGlobals) = postSolution
		SolutionGuid = {A572B29E-00EA-4000-908B-FCF2BE4564D9}
	EndGlobalSection
EndGlobal
